// !$*UTF8*$!
{
	archiveVersion = 1;
	classes = {
	};
	objectVersion = 50;
	objects = {

/* Begin PBXBuildFile section */
		14A0076026B917C90083084C /* AppDelegate.swift in Sources */ = {isa = PBXBuildFile; fileRef = 14A0075F26B917C90083084C /* AppDelegate.swift */; };
		14A0076226B917C90083084C /* SceneDelegate.swift in Sources */ = {isa = PBXBuildFile; fileRef = 14A0076126B917C90083084C /* SceneDelegate.swift */; };
		14A0076926B917CD0083084C /* Assets.xcassets in Resources */ = {isa = PBXBuildFile; fileRef = 14A0076826B917CD0083084C /* Assets.xcassets */; };
		14A0076C26B917CD0083084C /* LaunchScreen.storyboard in Resources */ = {isa = PBXBuildFile; fileRef = 14A0076A26B917CD0083084C /* LaunchScreen.storyboard */; };
		14A0077526B948CC0083084C /* DetailView.swift in Sources */ = {isa = PBXBuildFile; fileRef = 14A0077426B948CC0083084C /* DetailView.swift */; };
		14A0077726B948E00083084C /* OrderView.swift in Sources */ = {isa = PBXBuildFile; fileRef = 14A0077626B948E00083084C /* OrderView.swift */; };
		14A0077926B94C110083084C /* ListView.swift in Sources */ = {isa = PBXBuildFile; fileRef = 14A0077826B94C110083084C /* ListView.swift */; };
		14A0077B26B94C610083084C /* SelfConfiguringCell.swift in Sources */ = {isa = PBXBuildFile; fileRef = 14A0077A26B94C610083084C /* SelfConfiguringCell.swift */; };
		14A0077D26B94CCF0083084C /* RestaurantListCell.swift in Sources */ = {isa = PBXBuildFile; fileRef = 14A0077C26B94CCF0083084C /* RestaurantListCell.swift */; };
		14A0078426B94D9C0083084C /* Restaurant.swift in Sources */ = {isa = PBXBuildFile; fileRef = 14A0078326B94D9C0083084C /* Restaurant.swift */; };
		14A0078726B950570083084C /* Extensions.swift in Sources */ = {isa = PBXBuildFile; fileRef = 14A0078626B950570083084C /* Extensions.swift */; };
		14A0078926B9634B0083084C /* ApiHandler.swift in Sources */ = {isa = PBXBuildFile; fileRef = 14A0078826B9634B0083084C /* ApiHandler.swift */; };
		238B2E5220DC762E20C7D4C1 /* Pods_PizzaOrderingApp.framework in Frameworks */ = {isa = PBXBuildFile; fileRef = 5ECBE1332ABE3C75667E50C0 /* Pods_PizzaOrderingApp.framework */; };
/* End PBXBuildFile section */

/* Begin PBXFileReference section */
		14A0075C26B917C90083084C /* PizzaOrderingApp.app */ = {isa = PBXFileReference; explicitFileType = wrapper.application; includeInIndex = 0; path = PizzaOrderingApp.app; sourceTree = BUILT_PRODUCTS_DIR; };
		14A0075F26B917C90083084C /* AppDelegate.swift */ = {isa = PBXFileReference; lastKnownFileType = sourcecode.swift; path = AppDelegate.swift; sourceTree = "<group>"; };
		14A0076126B917C90083084C /* SceneDelegate.swift */ = {isa = PBXFileReference; lastKnownFileType = sourcecode.swift; path = SceneDelegate.swift; sourceTree = "<group>"; };
		14A0076826B917CD0083084C /* Assets.xcassets */ = {isa = PBXFileReference; lastKnownFileType = folder.assetcatalog; path = Assets.xcassets; sourceTree = "<group>"; };
		14A0076B26B917CD0083084C /* Base */ = {isa = PBXFileReference; lastKnownFileType = file.storyboard; name = Base; path = Base.lproj/LaunchScreen.storyboard; sourceTree = "<group>"; };
		14A0076D26B917CD0083084C /* Info.plist */ = {isa = PBXFileReference; lastKnownFileType = text.plist.xml; path = Info.plist; sourceTree = "<group>"; };
		14A0077326B917F00083084C /* PLANNING.md */ = {isa = PBXFileReference; lastKnownFileType = net.daringfireball.markdown; path = PLANNING.md; sourceTree = "<group>"; };
		14A0077426B948CC0083084C /* DetailView.swift */ = {isa = PBXFileReference; lastKnownFileType = sourcecode.swift; path = DetailView.swift; sourceTree = "<group>"; };
		14A0077626B948E00083084C /* OrderView.swift */ = {isa = PBXFileReference; lastKnownFileType = sourcecode.swift; path = OrderView.swift; sourceTree = "<group>"; };
		14A0077826B94C110083084C /* ListView.swift */ = {isa = PBXFileReference; lastKnownFileType = sourcecode.swift; path = ListView.swift; sourceTree = "<group>"; };
		14A0077A26B94C610083084C /* SelfConfiguringCell.swift */ = {isa = PBXFileReference; lastKnownFileType = sourcecode.swift; path = SelfConfiguringCell.swift; sourceTree = "<group>"; };
		14A0077C26B94CCF0083084C /* RestaurantListCell.swift */ = {isa = PBXFileReference; lastKnownFileType = sourcecode.swift; path = RestaurantListCell.swift; sourceTree = "<group>"; };
		14A0078326B94D9C0083084C /* Restaurant.swift */ = {isa = PBXFileReference; lastKnownFileType = sourcecode.swift; path = Restaurant.swift; sourceTree = "<group>"; };
		14A0078626B950570083084C /* Extensions.swift */ = {isa = PBXFileReference; lastKnownFileType = sourcecode.swift; path = Extensions.swift; sourceTree = "<group>"; };
		14A0078826B9634B0083084C /* ApiHandler.swift */ = {isa = PBXFileReference; lastKnownFileType = sourcecode.swift; path = ApiHandler.swift; sourceTree = "<group>"; };
		5ECBE1332ABE3C75667E50C0 /* Pods_PizzaOrderingApp.framework */ = {isa = PBXFileReference; explicitFileType = wrapper.framework; includeInIndex = 0; path = Pods_PizzaOrderingApp.framework; sourceTree = BUILT_PRODUCTS_DIR; };
		D56D0D6B2A947C73B84AF8A4 /* Pods-PizzaOrderingApp.debug.xcconfig */ = {isa = PBXFileReference; includeInIndex = 1; lastKnownFileType = text.xcconfig; name = "Pods-PizzaOrderingApp.debug.xcconfig"; path = "Target Support Files/Pods-PizzaOrderingApp/Pods-PizzaOrderingApp.debug.xcconfig"; sourceTree = "<group>"; };
		F35F663DE9114EC4068D2D5A /* Pods-PizzaOrderingApp.release.xcconfig */ = {isa = PBXFileReference; includeInIndex = 1; lastKnownFileType = text.xcconfig; name = "Pods-PizzaOrderingApp.release.xcconfig"; path = "Target Support Files/Pods-PizzaOrderingApp/Pods-PizzaOrderingApp.release.xcconfig"; sourceTree = "<group>"; };
/* End PBXFileReference section */

/* Begin PBXFrameworksBuildPhase section */
		14A0075926B917C90083084C /* Frameworks */ = {
			isa = PBXFrameworksBuildPhase;
			buildActionMask = 2147483647;
			files = (
				238B2E5220DC762E20C7D4C1 /* Pods_PizzaOrderingApp.framework in Frameworks */,
			);
			runOnlyForDeploymentPostprocessing = 0;
		};
/* End PBXFrameworksBuildPhase section */

/* Begin PBXGroup section */
		08FC53B659DD86BDFB695D42 /* Pods */ = {
			isa = PBXGroup;
			children = (
				D56D0D6B2A947C73B84AF8A4 /* Pods-PizzaOrderingApp.debug.xcconfig */,
				F35F663DE9114EC4068D2D5A /* Pods-PizzaOrderingApp.release.xcconfig */,
			);
			name = Pods;
			path = Pods;
			sourceTree = "<group>";
		};
		14A0075326B917C90083084C = {
			isa = PBXGroup;
			children = (
				14A0075E26B917C90083084C /* PizzaOrderingApp */,
				14A0075D26B917C90083084C /* Products */,
				08FC53B659DD86BDFB695D42 /* Pods */,
				F566CD391BA98A804CC0D90D /* Frameworks */,
			);
			sourceTree = "<group>";
		};
		14A0075D26B917C90083084C /* Products */ = {
			isa = PBXGroup;
			children = (
				14A0075C26B917C90083084C /* PizzaOrderingApp.app */,
			);
			name = Products;
			sourceTree = "<group>";
		};
		14A0075E26B917C90083084C /* PizzaOrderingApp */ = {
			isa = PBXGroup;
			children = (
				14A0078226B94D680083084C /* Other */,
				14A0078126B94D510083084C /* CollectionViewCells */,
				14A0078026B94D440083084C /* Delegates */,
				14A0077F26B94D360083084C /* Views */,
				14A0077E26B94D2F0083084C /* Models */,
				14A0076826B917CD0083084C /* Assets.xcassets */,
				14A0076D26B917CD0083084C /* Info.plist */,
			);
			path = PizzaOrderingApp;
			sourceTree = "<group>";
		};
		14A0077E26B94D2F0083084C /* Models */ = {
			isa = PBXGroup;
			children = (
				14A0078326B94D9C0083084C /* Restaurant.swift */,
				14A0078826B9634B0083084C /* ApiHandler.swift */,
			);
			path = Models;
			sourceTree = "<group>";
		};
		14A0077F26B94D360083084C /* Views */ = {
			isa = PBXGroup;
			children = (
				14A0077426B948CC0083084C /* DetailView.swift */,
				14A0077626B948E00083084C /* OrderView.swift */,
				14A0077826B94C110083084C /* ListView.swift */,
				14A0078626B950570083084C /* Extensions.swift */,
			);
			path = Views;
			sourceTree = "<group>";
		};
		14A0078026B94D440083084C /* Delegates */ = {
			isa = PBXGroup;
			children = (
				14A0075F26B917C90083084C /* AppDelegate.swift */,
				14A0076126B917C90083084C /* SceneDelegate.swift */,
			);
			path = Delegates;
			sourceTree = "<group>";
		};
		14A0078126B94D510083084C /* CollectionViewCells */ = {
			isa = PBXGroup;
			children = (
				14A0077A26B94C610083084C /* SelfConfiguringCell.swift */,
				14A0077C26B94CCF0083084C /* RestaurantListCell.swift */,
			);
			path = CollectionViewCells;
			sourceTree = "<group>";
		};
		14A0078226B94D680083084C /* Other */ = {
			isa = PBXGroup;
			children = (
				14A0076A26B917CD0083084C /* LaunchScreen.storyboard */,
				14A0077326B917F00083084C /* PLANNING.md */,
			);
			path = Other;
			sourceTree = "<group>";
		};
		F566CD391BA98A804CC0D90D /* Frameworks */ = {
			isa = PBXGroup;
			children = (
				5ECBE1332ABE3C75667E50C0 /* Pods_PizzaOrderingApp.framework */,
			);
			name = Frameworks;
			sourceTree = "<group>";
		};
/* End PBXGroup section */

/* Begin PBXNativeTarget section */
		14A0075B26B917C90083084C /* PizzaOrderingApp */ = {
			isa = PBXNativeTarget;
			buildConfigurationList = 14A0077026B917CD0083084C /* Build configuration list for PBXNativeTarget "PizzaOrderingApp" */;
			buildPhases = (
				55DDD8D6450F032C687D935F /* [CP] Check Pods Manifest.lock */,
				14A0075826B917C90083084C /* Sources */,
				14A0075926B917C90083084C /* Frameworks */,
				14A0075A26B917C90083084C /* Resources */,
				9D4A8E378DF94DD1C214EB93 /* [CP] Embed Pods Frameworks */,
			);
			buildRules = (
			);
			dependencies = (
			);
			name = PizzaOrderingApp;
			productName = PizzaOrderingApp;
			productReference = 14A0075C26B917C90083084C /* PizzaOrderingApp.app */;
			productType = "com.apple.product-type.application";
		};
/* End PBXNativeTarget section */

/* Begin PBXProject section */
		14A0075426B917C90083084C /* Project object */ = {
			isa = PBXProject;
			attributes = {
				LastSwiftUpdateCheck = 1250;
				LastUpgradeCheck = 1250;
				TargetAttributes = {
					14A0075B26B917C90083084C = {
						CreatedOnToolsVersion = 12.5.1;
					};
				};
			};
			buildConfigurationList = 14A0075726B917C90083084C /* Build configuration list for PBXProject "PizzaOrderingApp" */;
			compatibilityVersion = "Xcode 9.3";
			developmentRegion = en;
			hasScannedForEncodings = 0;
			knownRegions = (
				en,
				Base,
			);
			mainGroup = 14A0075326B917C90083084C;
			productRefGroup = 14A0075D26B917C90083084C /* Products */;
			projectDirPath = "";
			projectRoot = "";
			targets = (
				14A0075B26B917C90083084C /* PizzaOrderingApp */,
			);
		};
/* End PBXProject section */

/* Begin PBXResourcesBuildPhase section */
		14A0075A26B917C90083084C /* Resources */ = {
			isa = PBXResourcesBuildPhase;
			buildActionMask = 2147483647;
			files = (
				14A0076C26B917CD0083084C /* LaunchScreen.storyboard in Resources */,
				14A0076926B917CD0083084C /* Assets.xcassets in Resources */,
			);
			runOnlyForDeploymentPostprocessing = 0;
		};
/* End PBXResourcesBuildPhase section */

/* Begin PBXShellScriptBuildPhase section */
		55DDD8D6450F032C687D935F /* [CP] Check Pods Manifest.lock */ = {
			isa = PBXShellScriptBuildPhase;
			buildActionMask = 2147483647;
			files = (
			);
			inputFileListPaths = (
			);
			inputPaths = (
				"${PODS_PODFILE_DIR_PATH}/Podfile.lock",
				"${PODS_ROOT}/Manifest.lock",
			);
			name = "[CP] Check Pods Manifest.lock";
			outputFileListPaths = (
			);
			outputPaths = (
				"$(DERIVED_FILE_DIR)/Pods-PizzaOrderingApp-checkManifestLockResult.txt",
			);
			runOnlyForDeploymentPostprocessing = 0;
			shellPath = /bin/sh;
			shellScript = "diff \"${PODS_PODFILE_DIR_PATH}/Podfile.lock\" \"${PODS_ROOT}/Manifest.lock\" > /dev/null\nif [ $? != 0 ] ; then\n    # print error to STDERR\n    echo \"error: The sandbox is not in sync with the Podfile.lock. Run 'pod install' or update your CocoaPods installation.\" >&2\n    exit 1\nfi\n# This output is used by Xcode 'outputs' to avoid re-running this script phase.\necho \"SUCCESS\" > \"${SCRIPT_OUTPUT_FILE_0}\"\n";
			showEnvVarsInLog = 0;
		};
		9D4A8E378DF94DD1C214EB93 /* [CP] Embed Pods Frameworks */ = {
			isa = PBXShellScriptBuildPhase;
			buildActionMask = 2147483647;
			files = (
			);
			inputFileListPaths = (
				"${PODS_ROOT}/Target Support Files/Pods-PizzaOrderingApp/Pods-PizzaOrderingApp-frameworks-${CONFIGURATION}-input-files.xcfilelist",
			);
			name = "[CP] Embed Pods Frameworks";
			outputFileListPaths = (
				"${PODS_ROOT}/Target Support Files/Pods-PizzaOrderingApp/Pods-PizzaOrderingApp-frameworks-${CONFIGURATION}-output-files.xcfilelist",
			);
			runOnlyForDeploymentPostprocessing = 0;
			shellPath = /bin/sh;
			shellScript = "\"${PODS_ROOT}/Target Support Files/Pods-PizzaOrderingApp/Pods-PizzaOrderingApp-frameworks.sh\"\n";
			showEnvVarsInLog = 0;
		};
/* End PBXShellScriptBuildPhase section */

/* Begin PBXSourcesBuildPhase section */
		14A0075826B917C90083084C /* Sources */ = {
			isa = PBXSourcesBuildPhase;
			buildActionMask = 2147483647;
			files = (
				14A0077526B948CC0083084C /* DetailView.swift in Sources */,
				14A0078726B950570083084C /* Extensions.swift in Sources */,
				14A0077D26B94CCF0083084C /* RestaurantListCell.swift in Sources */,
				14A0077926B94C110083084C /* ListView.swift in Sources */,
				14A0076026B917C90083084C /* AppDelegate.swift in Sources */,
				14A0078426B94D9C0083084C /* Restaurant.swift in Sources */,
				14A0076226B917C90083084C /* SceneDelegate.swift in Sources */,
				14A0078926B9634B0083084C /* ApiHandler.swift in Sources */,
				14A0077726B948E00083084C /* OrderView.swift in Sources */,
				14A0077B26B94C610083084C /* SelfConfiguringCell.swift in Sources */,
			);
			runOnlyForDeploymentPostprocessing = 0;
		};
/* End PBXSourcesBuildPhase section */

/* Begin PBXVariantGroup section */
		14A0076A26B917CD0083084C /* LaunchScreen.storyboard */ = {
			isa = PBXVariantGroup;
			children = (
				14A0076B26B917CD0083084C /* Base */,
			);
			name = LaunchScreen.storyboard;
			sourceTree = "<group>";
		};
/* End PBXVariantGroup section */

/* Begin XCBuildConfiguration section */
		14A0076E26B917CD0083084C /* Debug */ = {
			isa = XCBuildConfiguration;
			buildSettings = {
				ALWAYS_SEARCH_USER_PATHS = NO;
				CLANG_ANALYZER_NONNULL = YES;
				CLANG_ANALYZER_NUMBER_OBJECT_CONVERSION = YES_AGGRESSIVE;
				CLANG_CXX_LANGUAGE_STANDARD = "gnu++14";
				CLANG_CXX_LIBRARY = "libc++";
				CLANG_ENABLE_MODULES = YES;
				CLANG_ENABLE_OBJC_ARC = YES;
				CLANG_ENABLE_OBJC_WEAK = YES;
				CLANG_WARN_BLOCK_CAPTURE_AUTORELEASING = YES;
				CLANG_WARN_BOOL_CONVERSION = YES;
				CLANG_WARN_COMMA = YES;
				CLANG_WARN_CONSTANT_CONVERSION = YES;
				CLANG_WARN_DEPRECATED_OBJC_IMPLEMENTATIONS = YES;
				CLANG_WARN_DIRECT_OBJC_ISA_USAGE = YES_ERROR;
				CLANG_WARN_DOCUMENTATION_COMMENTS = YES;
				CLANG_WARN_EMPTY_BODY = YES;
				CLANG_WARN_ENUM_CONVERSION = YES;
				CLANG_WARN_INFINITE_RECURSION = YES;
				CLANG_WARN_INT_CONVERSION = YES;
				CLANG_WARN_NON_LITERAL_NULL_CONVERSION = YES;
				CLANG_WARN_OBJC_IMPLICIT_RETAIN_SELF = YES;
				CLANG_WARN_OBJC_LITERAL_CONVERSION = YES;
				CLANG_WARN_OBJC_ROOT_CLASS = YES_ERROR;
				CLANG_WARN_QUOTED_INCLUDE_IN_FRAMEWORK_HEADER = YES;
				CLANG_WARN_RANGE_LOOP_ANALYSIS = YES;
				CLANG_WARN_STRICT_PROTOTYPES = YES;
				CLANG_WARN_SUSPICIOUS_MOVE = YES;
				CLANG_WARN_UNGUARDED_AVAILABILITY = YES_AGGRESSIVE;
				CLANG_WARN_UNREACHABLE_CODE = YES;
				CLANG_WARN__DUPLICATE_METHOD_MATCH = YES;
				COPY_PHASE_STRIP = NO;
				DEBUG_INFORMATION_FORMAT = dwarf;
				ENABLE_STRICT_OBJC_MSGSEND = YES;
				ENABLE_TESTABILITY = YES;
				GCC_C_LANGUAGE_STANDARD = gnu11;
				GCC_DYNAMIC_NO_PIC = NO;
				GCC_NO_COMMON_BLOCKS = YES;
				GCC_OPTIMIZATION_LEVEL = 0;
				GCC_PREPROCESSOR_DEFINITIONS = (
					"DEBUG=1",
					"$(inherited)",
				);
				GCC_WARN_64_TO_32_BIT_CONVERSION = YES;
				GCC_WARN_ABOUT_RETURN_TYPE = YES_ERROR;
				GCC_WARN_UNDECLARED_SELECTOR = YES;
				GCC_WARN_UNINITIALIZED_AUTOS = YES_AGGRESSIVE;
				GCC_WARN_UNUSED_FUNCTION = YES;
				GCC_WARN_UNUSED_VARIABLE = YES;
				IPHONEOS_DEPLOYMENT_TARGET = 14.5;
				MTL_ENABLE_DEBUG_INFO = INCLUDE_SOURCE;
				MTL_FAST_MATH = YES;
				ONLY_ACTIVE_ARCH = YES;
				SDKROOT = iphoneos;
				SWIFT_ACTIVE_COMPILATION_CONDITIONS = DEBUG;
				SWIFT_OPTIMIZATION_LEVEL = "-Onone";
			};
			name = Debug;
		};
		14A0076F26B917CD0083084C /* Release */ = {
			isa = XCBuildConfiguration;
			buildSettings = {
				ALWAYS_SEARCH_USER_PATHS = NO;
				CLANG_ANALYZER_NONNULL = YES;
				CLANG_ANALYZER_NUMBER_OBJECT_CONVERSION = YES_AGGRESSIVE;
				CLANG_CXX_LANGUAGE_STANDARD = "gnu++14";
				CLANG_CXX_LIBRARY = "libc++";
				CLANG_ENABLE_MODULES = YES;
				CLANG_ENABLE_OBJC_ARC = YES;
				CLANG_ENABLE_OBJC_WEAK = YES;
				CLANG_WARN_BLOCK_CAPTURE_AUTORELEASING = YES;
				CLANG_WARN_BOOL_CONVERSION = YES;
				CLANG_WARN_COMMA = YES;
				CLANG_WARN_CONSTANT_CONVERSION = YES;
				CLANG_WARN_DEPRECATED_OBJC_IMPLEMENTATIONS = YES;
				CLANG_WARN_DIRECT_OBJC_ISA_USAGE = YES_ERROR;
				CLANG_WARN_DOCUMENTATION_COMMENTS = YES;
				CLANG_WARN_EMPTY_BODY = YES;
				CLANG_WARN_ENUM_CONVERSION = YES;
				CLANG_WARN_INFINITE_RECURSION = YES;
				CLANG_WARN_INT_CONVERSION = YES;
				CLANG_WARN_NON_LITERAL_NULL_CONVERSION = YES;
				CLANG_WARN_OBJC_IMPLICIT_RETAIN_SELF = YES;
				CLANG_WARN_OBJC_LITERAL_CONVERSION = YES;
				CLANG_WARN_OBJC_ROOT_CLASS = YES_ERROR;
				CLANG_WARN_QUOTED_INCLUDE_IN_FRAMEWORK_HEADER = YES;
				CLANG_WARN_RANGE_LOOP_ANALYSIS = YES;
				CLANG_WARN_STRICT_PROTOTYPES = YES;
				CLANG_WARN_SUSPICIOUS_MOVE = YES;
				CLANG_WARN_UNGUARDED_AVAILABILITY = YES_AGGRESSIVE;
				CLANG_WARN_UNREACHABLE_CODE = YES;
				CLANG_WARN__DUPLICATE_METHOD_MATCH = YES;
				COPY_PHASE_STRIP = NO;
				DEBUG_INFORMATION_FORMAT = "dwarf-with-dsym";
				ENABLE_NS_ASSERTIONS = NO;
				ENABLE_STRICT_OBJC_MSGSEND = YES;
				GCC_C_LANGUAGE_STANDARD = gnu11;
				GCC_NO_COMMON_BLOCKS = YES;
				GCC_WARN_64_TO_32_BIT_CONVERSION = YES;
				GCC_WARN_ABOUT_RETURN_TYPE = YES_ERROR;
				GCC_WARN_UNDECLARED_SELECTOR = YES;
				GCC_WARN_UNINITIALIZED_AUTOS = YES_AGGRESSIVE;
				GCC_WARN_UNUSED_FUNCTION = YES;
				GCC_WARN_UNUSED_VARIABLE = YES;
				IPHONEOS_DEPLOYMENT_TARGET = 14.5;
				MTL_ENABLE_DEBUG_INFO = NO;
				MTL_FAST_MATH = YES;
				SDKROOT = iphoneos;
				SWIFT_COMPILATION_MODE = wholemodule;
				SWIFT_OPTIMIZATION_LEVEL = "-O";
				VALIDATE_PRODUCT = YES;
			};
			name = Release;
		};
		14A0077126B917CD0083084C /* Debug */ = {
			isa = XCBuildConfiguration;
			baseConfigurationReference = D56D0D6B2A947C73B84AF8A4 /* Pods-PizzaOrderingApp.debug.xcconfig */;
			buildSettings = {
				ASSETCATALOG_COMPILER_APPICON_NAME = AppIcon;
				ASSETCATALOG_COMPILER_GLOBAL_ACCENT_COLOR_NAME = AccentColor;
				CODE_SIGN_STYLE = Automatic;
				DEVELOPMENT_TEAM = 89DQD8B7D7;
				INFOPLIST_FILE = PizzaOrderingApp/Info.plist;
				IPHONEOS_DEPLOYMENT_TARGET = 14.1;
				LD_RUNPATH_SEARCH_PATHS = (
					"$(inherited)",
					"@executable_path/Frameworks",
				);
				PRODUCT_BUNDLE_IDENTIFIER = com.pontuscroneld.PizzaOrderingApp;
				PRODUCT_NAME = "$(TARGET_NAME)";
				SWIFT_VERSION = 5.0;
				TARGETED_DEVICE_FAMILY = "1,2";
			};
			name = Debug;
		};
		14A0077226B917CD0083084C /* Release */ = {
			isa = XCBuildConfiguration;
			baseConfigurationReference = F35F663DE9114EC4068D2D5A /* Pods-PizzaOrderingApp.release.xcconfig */;
			buildSettings = {
				ASSETCATALOG_COMPILER_APPICON_NAME = AppIcon;
				ASSETCATALOG_COMPILER_GLOBAL_ACCENT_COLOR_NAME = AccentColor;
				CODE_SIGN_STYLE = Automatic;
				DEVELOPMENT_TEAM = 89DQD8B7D7;
				INFOPLIST_FILE = PizzaOrderingApp/Info.plist;
				IPHONEOS_DEPLOYMENT_TARGET = 14.1;
				LD_RUNPATH_SEARCH_PATHS = (
					"$(inherited)",
					"@executable_path/Frameworks",
				);
				PRODUCT_BUNDLE_IDENTIFIER = com.pontuscroneld.PizzaOrderingApp;
				PRODUCT_NAME = "$(TARGET_NAME)";
				SWIFT_VERSION = 5.0;
				TARGETED_DEVICE_FAMILY = "1,2";
			};
			name = Release;
		};
/* End XCBuildConfiguration section */

/* Begin XCConfigurationList section */
		14A0075726B917C90083084C /* Build configuration list for PBXProject "PizzaOrderingApp" */ = {
			isa = XCConfigurationList;
			buildConfigurations = (
				14A0076E26B917CD0083084C /* Debug */,
				14A0076F26B917CD0083084C /* Release */,
			);
			defaultConfigurationIsVisible = 0;
			defaultConfigurationName = Release;
		};
		14A0077026B917CD0083084C /* Build configuration list for PBXNativeTarget "PizzaOrderingApp" */ = {
			isa = XCConfigurationList;
			buildConfigurations = (
				14A0077126B917CD0083084C /* Debug */,
				14A0077226B917CD0083084C /* Release */,
			);
			defaultConfigurationIsVisible = 0;
			defaultConfigurationName = Release;
		};
/* End XCConfigurationList section */
	};
	rootObject = 14A0075426B917C90083084C /* Project object */;
}
